
Microsoft Visual Studio Solution File, Format Version 12.00
# Visual Studio Version 17
VisualStudioVersion = 17.6.33829.357
MinimumVisualStudioVersion = 10.0.40219.1
Project("{FAE04EC0-301F-11D3-BF4B-00C04F79EFBC}") = "Foodie", "Foodie\Foodie.csproj", "{018ACEB9-DBE9-425D-975E-471DF81E2648}"
EndProject
Global
	GlobalSection(SolutionConfigurationPlatforms) = preSolution
		Debug|Any CPU = Debug|Any CPU
		Release|Any CPU = Release|Any CPU
	EndGlobalSection
	GlobalSection(ProjectConfigurationPlatforms) = postSolution
		{018ACEB9-DBE9-425D-975E-471DF81E2648}.Debug|Any CPU.ActiveCfg = Debug|Any CPU
		{018ACEB9-DBE9-425D-975E-471DF81E2648}.Debug|Any CPU.Build.0 = Debug|Any CPU
		{018ACEB9-DBE9-425D-975E-471DF81E2648}.Release|Any CPU.ActiveCfg = Release|Any CPU
		{018ACEB9-DBE9-425D-975E-471DF81E2648}.Release|Any CPU.Build.0 = Release|Any CPU
	EndGlobalSection
	GlobalSection(SolutionProperties) = preSolution
		HideSolutionNode = FALSE
	EndGlobalSection
	GlobalSection(ExtensibilityGlobals) = postSolution
		SolutionGuid = {C3528470-673C-4047-9C23-386DE02CE74C}
	EndGlobalSection
EndGlobal
